# THIS IS AN AUTOGENERATED FILE. DO NOT EDIT THIS FILE DIRECTLY.
# yarn lockfile v1


"@types/lodash-es@^4.17.12":
  version "4.17.12"
  resolved "https://registry.yarnpkg.com/@types/lodash-es/-/lodash-es-4.17.12.tgz#65f6d1e5f80539aa7cfbfc962de5def0cf4f341b"
  integrity sha512-0NgftHUcV4v34VhXm8QBSftKVXtbkBG3ViCjs6+eJ5a6y6Mi/jiFGPc1sC7QK+9BFhWrURE3EOggmWaSxL9OzQ==
  dependencies:
    "@types/lodash" "*"

"@types/lodash@*":
  version "4.17.20"
  resolved "https://registry.yarnpkg.com/@types/lodash/-/lodash-4.17.20.tgz#1ca77361d7363432d29f5e55950d9ec1e1c6ea93"
  integrity sha512-H3MHACvFUEiujabxhaI/ImO6gUrd8oOurg7LQtS7mbwIXA/cUqWrvBsaeJ23aZEPk1TAYkurjfMbSELfoCXlGA==

change-case@^5.4.4:
  version "5.4.4"
  resolved "https://registry.yarnpkg.com/change-case/-/change-case-5.4.4.tgz#0d52b507d8fb8f204343432381d1a6d7bff97a02"
  integrity sha512-HRQyTk2/YPEkt9TnUPbOpr64Uw3KOicFWPVBb+xiHvd6eBx/qPr9xqfBFDT8P2vWsvvz4jbEkfDe71W3VyNu2w==

destr@^2.0.3:
  version "2.0.5"
  resolved "https://registry.yarnpkg.com/destr/-/destr-2.0.5.tgz#7d112ff1b925fb8d2079fac5bdb4a90973b51fdb"
  integrity sha512-ugFTXCtDZunbzasqBxrK93Ik/DRYsO6S/fedkWEMKqt04xZ4csmnmwGDBAb07QWNaGMAmnTIemsYZCksjATwsA==

http-status-codes@^2.3.0:
  version "2.3.0"
  resolved "https://registry.yarnpkg.com/http-status-codes/-/http-status-codes-2.3.0.tgz#987fefb28c69f92a43aecc77feec2866349a8bfc"
  integrity sha512-RJ8XvFvpPM/Dmc5SV+dC4y5PCeOhT3x1Hq0NU3rjGeg5a/CqlhZ7uudknPwZFz4aeAXDcbAyaeP7GAo9lvngtA==

lodash-es@^4.17.21:
  version "4.17.21"
  resolved "https://registry.yarnpkg.com/lodash-es/-/lodash-es-4.17.21.tgz#43e626c46e6591b7750beb2b50117390c609e3ee"
  integrity sha512-mKnC+QJ9pWVzv+C4/U3rRsHapFfHvQFoFB92e52xeyGMcX6/OlIl78je1u8vePzYZSkkogMPJ2yjxxsb89cxyw==

node-fetch-native@^1.6.4:
  version "1.6.7"
  resolved "https://registry.yarnpkg.com/node-fetch-native/-/node-fetch-native-1.6.7.tgz#9d09ca63066cc48423211ed4caf5d70075d76a71"
  integrity sha512-g9yhqoedzIUm0nTnTqAQvueMPVOuIY16bqgAJJC8XOOubYFNwz6IER9qs0Gq2Xd0+CecCKFjtdDTMA4u4xG06Q==

ofetch@^1.4.1:
  version "1.4.1"
  resolved "https://registry.yarnpkg.com/ofetch/-/ofetch-1.4.1.tgz#b6bf6b0d75ba616cef6519dd8b6385a8bae480ec"
  integrity sha512-QZj2DfGplQAr2oj9KzceK9Hwz6Whxazmn85yYeVuS3u9XTMOGMRx0kO95MQ+vLsj/S/NwBDMMLU5hpxvI6Tklw==
  dependencies:
    destr "^2.0.3"
    node-fetch-native "^1.6.4"
    ufo "^1.5.4"

typescript@^4.0.0:
  version "4.9.5"
  resolved "https://registry.yarnpkg.com/typescript/-/typescript-4.9.5.tgz#095979f9bcc0d09da324d58d03ce8f8374cbe65a"
  integrity sha512-1FXk9E2Hm+QzZQ7z+McJiHL4NW1F2EzMu9Nq9i3zAaGqibafqYwCVU6WyWAuyQRRzOlxou8xZSyXLEN8oKj24g==

ufo@^1.5.4:
  version "1.6.1"
  resolved "https://registry.yarnpkg.com/ufo/-/ufo-1.6.1.tgz#ac2db1d54614d1b22c1d603e3aef44a85d8f146b"
  integrity sha512-9a4/uxlTWJ4+a5i0ooc1rU7C7YOw3wT+UGqdeNNHWnOF9qcMBgLRS+4IYUqbczewFx4mLEig6gawh7X6mFlEkA==
